
Microsoft Visual Studio Solution File, Format Version 12.00
# Visual Studio Version 16
VisualStudioVersion = 16.0.32510.428
MinimumVisualStudioVersion = 10.0.40219.1
Project("{FAE04EC0-301F-11D3-BF4B-00C04F79EFBC}") = "Cs_Stream_hw_13", "Cs_Stream_hw_13\Cs_Stream_hw_13.csproj", "{FAC7532B-AB31-4F55-B2A2-BD33FA06B4CB}"
EndProject
Global
	GlobalSection(SolutionConfigurationPlatforms) = preSolution
		Debug|Any CPU = Debug|Any CPU
		Release|Any CPU = Release|Any CPU
	EndGlobalSection
	GlobalSection(ProjectConfigurationPlatforms) = postSolution
		{FAC7532B-AB31-4F55-B2A2-BD33FA06B4CB}.Debug|Any CPU.ActiveCfg = Debug|Any CPU
		{FAC7532B-AB31-4F55-B2A2-BD33FA06B4CB}.Debug|Any CPU.Build.0 = Debug|Any CPU
		{FAC7532B-AB31-4F55-B2A2-BD33FA06B4CB}.Release|Any CPU.ActiveCfg = Release|Any CPU
		{FAC7532B-AB31-4F55-B2A2-BD33FA06B4CB}.Release|Any CPU.Build.0 = Release|Any CPU
	EndGlobalSection
	GlobalSection(SolutionProperties) = preSolution
		HideSolutionNode = FALSE
	EndGlobalSection
	GlobalSection(ExtensibilityGlobals) = postSolution
		SolutionGuid = {2F39315C-AF7D-42FF-92EB-3040983EAF59}
	EndGlobalSection
EndGlobal
